{
    "_meta": {
        "hash": {
            "sha256": "5881464d29a5621dcacbfc4ae1a389b9014ce60c3075ab8eeaafda71d0e81862"
        },
        "pipfile-spec": 6,
        "requires": {
            "python_version": "2.7"
        },
        "sources": [
            {
                "name": "pypi",
                "url": "https://pypi.org/simple",
                "verify_ssl": true
            }
        ]
    },
    "default": {
        "libclang": {
            "hashes": [
                "sha256:206d2789e4450a37d054e63b70451a6fc1873466397443fa13de2b3d4adb2796",
                "sha256:2e4303e04517fcd11173cb2e51a7070eed71e16ef45d4e26a82c5e881cac3d27",
                "sha256:5dd3c6fca1b007d308a4114afa8e4e9d32f32b2572520701d45fcc626ac5cd6c",
                "sha256:7b06fc76bd1e67c8b04b5719bf2ac5d6a323b289b245dfa9e468561d99538188",
                "sha256:8791cf3c3b087c373a6d61e9199da7a541da922c9ddcfed1122090586b996d6e",
                "sha256:9052a8284d8846984f6fa826b1d7460a66d3b23a486d782633b42b6e3b418789",
                "sha256:cfb0e892ebb5dff6bd498ab5778adb8581f26a00fd8347b3c76c989fe2fd04f7",
                "sha256:e2add1703129b2abe066fb1890afa880870a89fd6ab4ec5d2a7a8dc8d271677e",
                "sha256:e429853939423f276a25140b0b702442d7da9a09e001c05e48df888336947614",
                "sha256:ea03c12675151837660cdd5dce65bd89320896ac3421efef43a36678f113ce95"
            ],
            "index": "pypi",
            "version": "==14.0.6"
        }
    },
    "develop": {
        "nodeenv": {
            "hashes": [
                "sha256:d51e0c37e64fbf47d017feac3145cdbb58836d7eee8c6f6d3b6880c5456227d2",
                "sha256:df865724bb3c3adc86b3876fa209771517b0cfe596beff01a92700e0e8be4cec"
            ],
            "markers": "python_version >= '2.7' and python_version not in '3.0, 3.1, 3.2, 3.3, 3.4, 3.5, 3.6'",
            "version": "==1.8.0"
        },
        "pyright": {
            "hashes": [
                "sha256:81d81f839d1750385390c4c4a7b84b062ece2f9a078f87055d4d2a5914ef2a08",
                "sha256:8cbd4ef71797258f816a8393a758c9c91213479f472082d0e3a735ef7ab5f65a"
            ],
            "index": "pypi",
            "markers": "python_version >= '3.7'",
            "version": "==1.1.337"
        },
        "setuptools": {
            "hashes": [
                "sha256:1e8fdff6797d3865f37397be788a4e3cba233608e9b509382a2777d25ebde7f2",
                "sha256:735896e78a4742605974de002ac60562d286fa8051a7e2299445e8e8fbb01aa6"
            ],
            "markers": "python_version >= '3.8'",
            "version": "==69.0.2"
        }
    }
}
